
Microsoft Visual Studio Solution File, Format Version 12.00
# Visual Studio Version 16
VisualStudioVersion = 16.0.31515.178
MinimumVisualStudioVersion = 10.0.40219.1
Project("{FAE04EC0-301F-11D3-BF4B-00C04F79EFBC}") = "BookListRazor", "BookListRazor.csproj", "{4D35C0A6-AA45-47B3-A3E9-D5699141B969}"
EndProject
Global
	GlobalSection(SolutionConfigurationPlatforms) = preSolution
		Debug|Any CPU = Debug|Any CPU
		Release|Any CPU = Release|Any CPU
	EndGlobalSection
	GlobalSection(ProjectConfigurationPlatforms) = postSolution
		{4D35C0A6-AA45-47B3-A3E9-D5699141B969}.Debug|Any CPU.ActiveCfg = Debug|Any CPU
		{4D35C0A6-AA45-47B3-A3E9-D5699141B969}.Debug|Any CPU.Build.0 = Debug|Any CPU
		{4D35C0A6-AA45-47B3-A3E9-D5699141B969}.Release|Any CPU.ActiveCfg = Release|Any CPU
		{4D35C0A6-AA45-47B3-A3E9-D5699141B969}.Release|Any CPU.Build.0 = Release|Any CPU
	EndGlobalSection
	GlobalSection(SolutionProperties) = preSolution
		HideSolutionNode = FALSE
	EndGlobalSection
	GlobalSection(ExtensibilityGlobals) = postSolution
		SolutionGuid = {7F567CC5-B78D-47E3-85ED-0A5CCA54A070}
	EndGlobalSection
EndGlobal
